
Microsoft Visual Studio Solution File, Format Version 12.00
# Visual Studio 15
VisualStudioVersion = 15.0.26730.10
MinimumVisualStudioVersion = 10.0.40219.1
Project("{2150E333-8FDC-42A3-9474-1A3956D46DE8}") = "DataAccessLayer", "DataAccessLayer", "{F6FB425B-073A-4224-9CDB-3BE29B812D55}"
EndProject
Project("{FAE04EC0-301F-11D3-BF4B-00C04F79EFBC}") = "DBAccess", "DataAccessLayer\DBAccess\DBAccess.csproj", "{D7E4DE84-8ABE-4416-80A4-FA0F1A68B49D}"
EndProject
Project("{FAE04EC0-301F-11D3-BF4B-00C04F79EFBC}") = "Models", "DataAccessLayer\Models\Models.csproj", "{094FC678-EF82-4EDD-BD5D-4509A34674D3}"
EndProject
Project("{FAE04EC0-301F-11D3-BF4B-00C04F79EFBC}") = "ConsoleClient", "DataAccessLayer\ConsoleClient\ConsoleClient.csproj", "{6F009014-A762-44A6-A01A-DC8859116C9B}"
EndProject
Project("{FAE04EC0-301F-11D3-BF4B-00C04F79EFBC}") = "DataSeeder", "DataAccessLayer\DataSeeder\DataSeeder.csproj", "{2595B563-B92C-4441-AAB6-641BC59F55D2}"
EndProject
Project("{2150E333-8FDC-42A3-9474-1A3956D46DE8}") = "BusinessLogicLayer", "BusinessLogicLayer", "{8CEF1BEF-B024-48C2-AC17-EE12C88F2675}"
EndProject
Project("{2150E333-8FDC-42A3-9474-1A3956D46DE8}") = "Managers", "Managers", "{17334C0E-1A67-42F6-AB76-44E4655CD612}"
EndProject
Project("{2150E333-8FDC-42A3-9474-1A3956D46DE8}") = "Models", "Models", "{2D5D7250-FFBF-4F6A-B73B-46C68D336BF5}"
EndProject
Project("{FAE04EC0-301F-11D3-BF4B-00C04F79EFBC}") = "Models", "BusinessLogicLayer\Models\Models.csproj", "{F533C36C-8257-4D51-84DE-556D85F8362C}"
EndProject
Project("{FAE04EC0-301F-11D3-BF4B-00C04F79EFBC}") = "Managers", "BusinessLogicLayer\Managers\Managers.csproj", "{6A480EEB-1E6A-4291-B03A-05E4F79E0377}"
EndProject
Project("{2150E333-8FDC-42A3-9474-1A3956D46DE8}") = "PresentationLayer", "PresentationLayer", "{30A6C531-E63A-45EE-87E8-E186F3E608C1}"
EndProject
Project("{FAE04EC0-301F-11D3-BF4B-00C04F79EFBC}") = "Web", "PresentationLayer\Web\Web.csproj", "{DF80B102-E503-4B6F-9D18-9B59B5AB1BF1}"
EndProject
Global
	GlobalSection(SolutionConfigurationPlatforms) = preSolution
		Debug|Any CPU = Debug|Any CPU
		Release|Any CPU = Release|Any CPU
	EndGlobalSection
	GlobalSection(ProjectConfigurationPlatforms) = postSolution
		{D7E4DE84-8ABE-4416-80A4-FA0F1A68B49D}.Debug|Any CPU.ActiveCfg = Debug|Any CPU
		{D7E4DE84-8ABE-4416-80A4-FA0F1A68B49D}.Debug|Any CPU.Build.0 = Debug|Any CPU
		{D7E4DE84-8ABE-4416-80A4-FA0F1A68B49D}.Release|Any CPU.ActiveCfg = Release|Any CPU
		{D7E4DE84-8ABE-4416-80A4-FA0F1A68B49D}.Release|Any CPU.Build.0 = Release|Any CPU
		{094FC678-EF82-4EDD-BD5D-4509A34674D3}.Debug|Any CPU.ActiveCfg = Debug|Any CPU
		{094FC678-EF82-4EDD-BD5D-4509A34674D3}.Debug|Any CPU.Build.0 = Debug|Any CPU
		{094FC678-EF82-4EDD-BD5D-4509A34674D3}.Release|Any CPU.ActiveCfg = Release|Any CPU
		{094FC678-EF82-4EDD-BD5D-4509A34674D3}.Release|Any CPU.Build.0 = Release|Any CPU
		{6F009014-A762-44A6-A01A-DC8859116C9B}.Debug|Any CPU.ActiveCfg = Debug|Any CPU
		{6F009014-A762-44A6-A01A-DC8859116C9B}.Debug|Any CPU.Build.0 = Debug|Any CPU
		{6F009014-A762-44A6-A01A-DC8859116C9B}.Release|Any CPU.ActiveCfg = Release|Any CPU
		{6F009014-A762-44A6-A01A-DC8859116C9B}.Release|Any CPU.Build.0 = Release|Any CPU
		{2595B563-B92C-4441-AAB6-641BC59F55D2}.Debug|Any CPU.ActiveCfg = Debug|Any CPU
		{2595B563-B92C-4441-AAB6-641BC59F55D2}.Debug|Any CPU.Build.0 = Debug|Any CPU
		{2595B563-B92C-4441-AAB6-641BC59F55D2}.Release|Any CPU.ActiveCfg = Release|Any CPU
		{2595B563-B92C-4441-AAB6-641BC59F55D2}.Release|Any CPU.Build.0 = Release|Any CPU
		{F533C36C-8257-4D51-84DE-556D85F8362C}.Debug|Any CPU.ActiveCfg = Debug|Any CPU
		{F533C36C-8257-4D51-84DE-556D85F8362C}.Debug|Any CPU.Build.0 = Debug|Any CPU
		{F533C36C-8257-4D51-84DE-556D85F8362C}.Release|Any CPU.ActiveCfg = Release|Any CPU
		{F533C36C-8257-4D51-84DE-556D85F8362C}.Release|Any CPU.Build.0 = Release|Any CPU
		{6A480EEB-1E6A-4291-B03A-05E4F79E0377}.Debug|Any CPU.ActiveCfg = Debug|Any CPU
		{6A480EEB-1E6A-4291-B03A-05E4F79E0377}.Debug|Any CPU.Build.0 = Debug|Any CPU
		{6A480EEB-1E6A-4291-B03A-05E4F79E0377}.Release|Any CPU.ActiveCfg = Release|Any CPU
		{6A480EEB-1E6A-4291-B03A-05E4F79E0377}.Release|Any CPU.Build.0 = Release|Any CPU
		{DF80B102-E503-4B6F-9D18-9B59B5AB1BF1}.Debug|Any CPU.ActiveCfg = Debug|Any CPU
		{DF80B102-E503-4B6F-9D18-9B59B5AB1BF1}.Debug|Any CPU.Build.0 = Debug|Any CPU
		{DF80B102-E503-4B6F-9D18-9B59B5AB1BF1}.Release|Any CPU.ActiveCfg = Release|Any CPU
		{DF80B102-E503-4B6F-9D18-9B59B5AB1BF1}.Release|Any CPU.Build.0 = Release|Any CPU
	EndGlobalSection
	GlobalSection(SolutionProperties) = preSolution
		HideSolutionNode = FALSE
	EndGlobalSection
	GlobalSection(NestedProjects) = preSolution
		{D7E4DE84-8ABE-4416-80A4-FA0F1A68B49D} = {F6FB425B-073A-4224-9CDB-3BE29B812D55}
		{094FC678-EF82-4EDD-BD5D-4509A34674D3} = {F6FB425B-073A-4224-9CDB-3BE29B812D55}
		{6F009014-A762-44A6-A01A-DC8859116C9B} = {F6FB425B-073A-4224-9CDB-3BE29B812D55}
		{2595B563-B92C-4441-AAB6-641BC59F55D2} = {F6FB425B-073A-4224-9CDB-3BE29B812D55}
		{17334C0E-1A67-42F6-AB76-44E4655CD612} = {8CEF1BEF-B024-48C2-AC17-EE12C88F2675}
		{2D5D7250-FFBF-4F6A-B73B-46C68D336BF5} = {8CEF1BEF-B024-48C2-AC17-EE12C88F2675}
		{F533C36C-8257-4D51-84DE-556D85F8362C} = {2D5D7250-FFBF-4F6A-B73B-46C68D336BF5}
		{6A480EEB-1E6A-4291-B03A-05E4F79E0377} = {17334C0E-1A67-42F6-AB76-44E4655CD612}
		{DF80B102-E503-4B6F-9D18-9B59B5AB1BF1} = {30A6C531-E63A-45EE-87E8-E186F3E608C1}
	EndGlobalSection
	GlobalSection(ExtensibilityGlobals) = postSolution
		SolutionGuid = {3771F794-0E96-4BBE-8889-24EFEE38D500}
	EndGlobalSection
EndGlobal
